github.com/pseudoelement/golang-utils v0.0.0-20250212220939-f9ba72920925 h1:pd5yV7Q1QHX/ly8UxE+8skjanl+l1f97xHNo0Vc1BPk=
github.com/pseudoelement/golang-utils v0.0.0-20250212220939-f9ba72920925/go.mod h1:9CvGGpEt9lHnDVRS3V9J51vgFvL8JqcorzJDBReQA7E=
github.com/rabbitmq/amqp091-go v1.10.0 h1:STpn5XsHlHGcecLmMFCtg7mqq0RnD+zFr4uzukfVhBw=
github.com/rabbitmq/amqp091-go v1.10.0/go.mod h1:Hy4jKW5kQART1u+JkDTF9YYOQUHXqMuhrgxOEeS7G4o=
